
Microsoft Visual Studio Solution File, Format Version 12.00
# Visual Studio Version 17
VisualStudioVersion = 17.6.33815.320
MinimumVisualStudioVersion = 10.0.40219.1
Project("{FAE04EC0-301F-11D3-BF4B-00C04F79EFBC}") = "InnstantBook", "InnstantBook\InnstantBook.csproj", "{397271F1-FB22-4C81-A0AF-E1A75B22B4CF}"
EndProject
Global
	GlobalSection(SolutionConfigurationPlatforms) = preSolution
		Debug|Any CPU = Debug|Any CPU
		Release|Any CPU = Release|Any CPU
	EndGlobalSection
	GlobalSection(ProjectConfigurationPlatforms) = postSolution
		{397271F1-FB22-4C81-A0AF-E1A75B22B4CF}.Debug|Any CPU.ActiveCfg = Debug|Any CPU
		{397271F1-FB22-4C81-A0AF-E1A75B22B4CF}.Debug|Any CPU.Build.0 = Debug|Any CPU
		{397271F1-FB22-4C81-A0AF-E1A75B22B4CF}.Release|Any CPU.ActiveCfg = Release|Any CPU
		{397271F1-FB22-4C81-A0AF-E1A75B22B4CF}.Release|Any CPU.Build.0 = Release|Any CPU
	EndGlobalSection
	GlobalSection(SolutionProperties) = preSolution
		HideSolutionNode = FALSE
	EndGlobalSection
	GlobalSection(ExtensibilityGlobals) = postSolution
		SolutionGuid = {45BBC16B-915B-46DB-A577-0ED8890C5FEA}
	EndGlobalSection
EndGlobal
